// !$*UTF8*$!
{
	archiveVersion = 1;
	classes = {
	};
	objectVersion = 46;
	objects = {

/* Begin PBXBuildFile section */
		2970C0641CD80F3D00B9FB30 /* GameOver.swift in Sources */ = {isa = PBXBuildFile; fileRef = 2970C0631CD80F3D00B9FB30 /* GameOver.swift */; };
		2970C0661CD814E500B9FB30 /* GameOverViewController.swift in Sources */ = {isa = PBXBuildFile; fileRef = 2970C0651CD814E500B9FB30 /* GameOverViewController.swift */; };
		299E297F1CD19F3500F0BDC5 /* MainMenu.swift in Sources */ = {isa = PBXBuildFile; fileRef = 299E297E1CD19F3500F0BDC5 /* MainMenu.swift */; };
		29B7B6E91CC6DF06002952B1 /* AppDelegate.swift in Sources */ = {isa = PBXBuildFile; fileRef = 29B7B6E81CC6DF06002952B1 /* AppDelegate.swift */; };
		29B7B6EB1CC6DF06002952B1 /* GameScene.sks in Resources */ = {isa = PBXBuildFile; fileRef = 29B7B6EA1CC6DF06002952B1 /* GameScene.sks */; };
		29B7B6ED1CC6DF06002952B1 /* GameScene.swift in Sources */ = {isa = PBXBuildFile; fileRef = 29B7B6EC1CC6DF06002952B1 /* GameScene.swift */; };
		29B7B6EF1CC6DF06002952B1 /* GameViewController.swift in Sources */ = {isa = PBXBuildFile; fileRef = 29B7B6EE1CC6DF06002952B1 /* GameViewController.swift */; };
		29B7B6F21CC6DF06002952B1 /* Main.storyboard in Resources */ = {isa = PBXBuildFile; fileRef = 29B7B6F01CC6DF06002952B1 /* Main.storyboard */; };
		29B7B6F41CC6DF07002952B1 /* Assets.xcassets in Resources */ = {isa = PBXBuildFile; fileRef = 29B7B6F31CC6DF07002952B1 /* Assets.xcassets */; };
		29B7B6F71CC6DF07002952B1 /* LaunchScreen.storyboard in Resources */ = {isa = PBXBuildFile; fileRef = 29B7B6F51CC6DF07002952B1 /* LaunchScreen.storyboard */; };
		29D3BC411CC920620094874E /* MenuViewController.swift in Sources */ = {isa = PBXBuildFile; fileRef = 29D3BC401CC920620094874E /* MenuViewController.swift */; };
		29D3BC431CC95C930094874E /* HighScoreViewController.swift in Sources */ = {isa = PBXBuildFile; fileRef = 29D3BC421CC95C930094874E /* HighScoreViewController.swift */; };
/* End PBXBuildFile section */

/* Begin PBXFileReference section */
		2970C0631CD80F3D00B9FB30 /* GameOver.swift */ = {isa = PBXFileReference; fileEncoding = 4; lastKnownFileType = sourcecode.swift; name = GameOver.swift; path = ../GameOver.swift; sourceTree = "<group>"; };
		2970C0651CD814E500B9FB30 /* GameOverViewController.swift */ = {isa = PBXFileReference; fileEncoding = 4; lastKnownFileType = sourcecode.swift; path = GameOverViewController.swift; sourceTree = "<group>"; };
		299E297E1CD19F3500F0BDC5 /* MainMenu.swift */ = {isa = PBXFileReference; fileEncoding = 4; lastKnownFileType = sourcecode.swift; path = MainMenu.swift; sourceTree = "<group>"; };
		29B7B6E51CC6DF06002952B1 /* dodge1.app */ = {isa = PBXFileReference; explicitFileType = wrapper.application; includeInIndex = 0; path = dodge1.app; sourceTree = BUILT_PRODUCTS_DIR; };
		29B7B6E81CC6DF06002952B1 /* AppDelegate.swift */ = {isa = PBXFileReference; lastKnownFileType = sourcecode.swift; path = AppDelegate.swift; sourceTree = "<group>"; };
		29B7B6EA1CC6DF06002952B1 /* GameScene.sks */ = {isa = PBXFileReference; lastKnownFileType = file.sks; path = GameScene.sks; sourceTree = "<group>"; };
		29B7B6EC1CC6DF06002952B1 /* GameScene.swift */ = {isa = PBXFileReference; lastKnownFileType = sourcecode.swift; path = GameScene.swift; sourceTree = "<group>"; };
		29B7B6EE1CC6DF06002952B1 /* GameViewController.swift */ = {isa = PBXFileReference; lastKnownFileType = sourcecode.swift; path = GameViewController.swift; sourceTree = "<group>"; };
		29B7B6F11CC6DF06002952B1 /* Base */ = {isa = PBXFileReference; lastKnownFileType = file.storyboard; name = Base; path = Base.lproj/Main.storyboard; sourceTree = "<group>"; };
		29B7B6F31CC6DF07002952B1 /* Assets.xcassets */ = {isa = PBXFileReference; lastKnownFileType = folder.assetcatalog; path = Assets.xcassets; sourceTree = "<group>"; };
		29B7B6F61CC6DF07002952B1 /* Base */ = {isa = PBXFileReference; lastKnownFileType = file.storyboard; name = Base; path = Base.lproj/LaunchScreen.storyboard; sourceTree = "<group>"; };
		29B7B6F81CC6DF07002952B1 /* Info.plist */ = {isa = PBXFileReference; lastKnownFileType = text.plist.xml; path = Info.plist; sourceTree = "<group>"; };
		29D3BC401CC920620094874E /* MenuViewController.swift */ = {isa = PBXFileReference; fileEncoding = 4; lastKnownFileType = sourcecode.swift; path = MenuViewController.swift; sourceTree = "<group>"; };
		29D3BC421CC95C930094874E /* HighScoreViewController.swift */ = {isa = PBXFileReference; fileEncoding = 4; lastKnownFileType = sourcecode.swift; path = HighScoreViewController.swift; sourceTree = "<group>"; };
/* End PBXFileReference section */

/* Begin PBXFrameworksBuildPhase section */
		29B7B6E21CC6DF05002952B1 /* Frameworks */ = {
			isa = PBXFrameworksBuildPhase;
			buildActionMask = 2147483647;
			files = (
			);
			runOnlyForDeploymentPostprocessing = 0;
		};
/* End PBXFrameworksBuildPhase section */

/* Begin PBXGroup section */
		29B7B6DC1CC6DF05002952B1 = {
			isa = PBXGroup;
			children = (
				29B7B6E71CC6DF06002952B1 /* dodge1 */,
				29B7B6E61CC6DF06002952B1 /* Products */,
			);
			sourceTree = "<group>";
		};
		29B7B6E61CC6DF06002952B1 /* Products */ = {
			isa = PBXGroup;
			children = (
				29B7B6E51CC6DF06002952B1 /* dodge1.app */,
			);
			name = Products;
			sourceTree = "<group>";
		};
		29B7B6E71CC6DF06002952B1 /* dodge1 */ = {
			isa = PBXGroup;
			children = (
				29B7B6E81CC6DF06002952B1 /* AppDelegate.swift */,
				29B7B6EA1CC6DF06002952B1 /* GameScene.sks */,
				29B7B6EC1CC6DF06002952B1 /* GameScene.swift */,
				2970C0631CD80F3D00B9FB30 /* GameOver.swift */,
				299E297E1CD19F3500F0BDC5 /* MainMenu.swift */,
				29B7B6EE1CC6DF06002952B1 /* GameViewController.swift */,
				29B7B6F01CC6DF06002952B1 /* Main.storyboard */,
				2970C0651CD814E500B9FB30 /* GameOverViewController.swift */,
				29D3BC401CC920620094874E /* MenuViewController.swift */,
				29D3BC421CC95C930094874E /* HighScoreViewController.swift */,
				29B7B6F31CC6DF07002952B1 /* Assets.xcassets */,
				29B7B6F51CC6DF07002952B1 /* LaunchScreen.storyboard */,
				29B7B6F81CC6DF07002952B1 /* Info.plist */,
			);
			path = dodge1;
			sourceTree = "<group>";
		};
/* End PBXGroup section */

/* Begin PBXNativeTarget section */
		29B7B6E41CC6DF05002952B1 /* dodge1 */ = {
			isa = PBXNativeTarget;
			buildConfigurationList = 29B7B6FB1CC6DF07002952B1 /* Build configuration list for PBXNativeTarget "dodge1" */;
			buildPhases = (
				29B7B6E11CC6DF05002952B1 /* Sources */,
				29B7B6E21CC6DF05002952B1 /* Frameworks */,
				29B7B6E31CC6DF05002952B1 /* Resources */,
			);
			buildRules = (
			);
			dependencies = (
			);
			name = dodge1;
			productName = dodge1;
			productReference = 29B7B6E51CC6DF06002952B1 /* dodge1.app */;
			productType = "com.apple.product-type.application";
		};
/* End PBXNativeTarget section */

/* Begin PBXProject section */
		29B7B6DD1CC6DF05002952B1 /* Project object */ = {
			isa = PBXProject;
			attributes = {
				LastSwiftUpdateCheck = 0720;
				LastUpgradeCheck = 0720;
				ORGANIZATIONNAME = "John C. Williams";
				TargetAttributes = {
					29B7B6E41CC6DF05002952B1 = {
						CreatedOnToolsVersion = 7.2;
						DevelopmentTeam = F58W42426F;
					};
				};
			};
			buildConfigurationList = 29B7B6E01CC6DF05002952B1 /* Build configuration list for PBXProject "dodge1" */;
			compatibilityVersion = "Xcode 3.2";
			developmentRegion = English;
			hasScannedForEncodings = 0;
			knownRegions = (
				en,
				Base,
			);
			mainGroup = 29B7B6DC1CC6DF05002952B1;
			productRefGroup = 29B7B6E61CC6DF06002952B1 /* Products */;
			projectDirPath = "";
			projectRoot = "";
			targets = (
				29B7B6E41CC6DF05002952B1 /* dodge1 */,
			);
		};
/* End PBXProject section */

/* Begin PBXResourcesBuildPhase section */
		29B7B6E31CC6DF05002952B1 /* Resources */ = {
			isa = PBXResourcesBuildPhase;
			buildActionMask = 2147483647;
			files = (
				29B7B6EB1CC6DF06002952B1 /* GameScene.sks in Resources */,
				29B7B6F71CC6DF07002952B1 /* LaunchScreen.storyboard in Resources */,
				29B7B6F41CC6DF07002952B1 /* Assets.xcassets in Resources */,
				29B7B6F21CC6DF06002952B1 /* Main.storyboard in Resources */,
			);
			runOnlyForDeploymentPostprocessing = 0;
		};
/* End PBXResourcesBuildPhase section */

/* Begin PBXSourcesBuildPhase section */
		29B7B6E11CC6DF05002952B1 /* Sources */ = {
			isa = PBXSourcesBuildPhase;
			buildActionMask = 2147483647;
			files = (
				29B7B6ED1CC6DF06002952B1 /* GameScene.swift in Sources */,
				299E297F1CD19F3500F0BDC5 /* MainMenu.swift in Sources */,
				2970C0641CD80F3D00B9FB30 /* GameOver.swift in Sources */,
				29D3BC431CC95C930094874E /* HighScoreViewController.swift in Sources */,
				2970C0661CD814E500B9FB30 /* GameOverViewController.swift in Sources */,
				29B7B6EF1CC6DF06002952B1 /* GameViewController.swift in Sources */,
				29B7B6E91CC6DF06002952B1 /* AppDelegate.swift in Sources */,
				29D3BC411CC920620094874E /* MenuViewController.swift in Sources */,
			);
			runOnlyForDeploymentPostprocessing = 0;
		};
/* End PBXSourcesBuildPhase section */

/* Begin PBXVariantGroup section */
		29B7B6F01CC6DF06002952B1 /* Main.storyboard */ = {
			isa = PBXVariantGroup;
			children = (
				29B7B6F11CC6DF06002952B1 /* Base */,
			);
			name = Main.storyboard;
			sourceTree = "<group>";
		};
		29B7B6F51CC6DF07002952B1 /* LaunchScreen.storyboard */ = {
			isa = PBXVariantGroup;
			children = (
				29B7B6F61CC6DF07002952B1 /* Base */,
			);
			name = LaunchScreen.storyboard;
			sourceTree = "<group>";
		};
/* End PBXVariantGroup section */

/* Begin XCBuildConfiguration section */
		29B7B6F91CC6DF07002952B1 /* Debug */ = {
			isa = XCBuildConfiguration;
			buildSettings = {
				ALWAYS_SEARCH_USER_PATHS = NO;
				CLANG_CXX_LANGUAGE_STANDARD = "gnu++0x";
				CLANG_CXX_LIBRARY = "libc++";
				CLANG_ENABLE_MODULES = YES;
				CLANG_ENABLE_OBJC_ARC = YES;
				CLANG_WARN_BOOL_CONVERSION = YES;
				CLANG_WARN_CONSTANT_CONVERSION = YES;
				CLANG_WARN_DIRECT_OBJC_ISA_USAGE = YES_ERROR;
				CLANG_WARN_EMPTY_BODY = YES;
				CLANG_WARN_ENUM_CONVERSION = YES;
				CLANG_WARN_INT_CONVERSION = YES;
				CLANG_WARN_OBJC_ROOT_CLASS = YES_ERROR;
				CLANG_WARN_UNREACHABLE_CODE = YES;
				CLANG_WARN__DUPLICATE_METHOD_MATCH = YES;
				"CODE_SIGN_IDENTITY[sdk=iphoneos*]" = "iPhone Developer";
				COPY_PHASE_STRIP = NO;
				DEBUG_INFORMATION_FORMAT = "dwarf-with-dsym";
				ENABLE_STRICT_OBJC_MSGSEND = YES;
				ENABLE_TESTABILITY = YES;
				GCC_C_LANGUAGE_STANDARD = gnu99;
				GCC_DYNAMIC_NO_PIC = NO;
				GCC_NO_COMMON_BLOCKS = YES;
				GCC_OPTIMIZATION_LEVEL = 0;
				GCC_PREPROCESSOR_DEFINITIONS = (
					"DEBUG=1",
					"$(inherited)",
				);
				GCC_WARN_64_TO_32_BIT_CONVERSION = YES;
				GCC_WARN_ABOUT_RETURN_TYPE = YES_ERROR;
				GCC_WARN_UNDECLARED_SELECTOR = YES;
				GCC_WARN_UNINITIALIZED_AUTOS = YES_AGGRESSIVE;
				GCC_WARN_UNUSED_FUNCTION = YES;
				GCC_WARN_UNUSED_VARIABLE = YES;
				IPHONEOS_DEPLOYMENT_TARGET = 9.2;
				MTL_ENABLE_DEBUG_INFO = YES;
				ONLY_ACTIVE_ARCH = YES;
				SDKROOT = iphoneos;
				SWIFT_OPTIMIZATION_LEVEL = "-Onone";
			};
			name = Debug;
		};
		29B7B6FA1CC6DF07002952B1 /* Release */ = {
			isa = XCBuildConfiguration;
			buildSettings = {
				ALWAYS_SEARCH_USER_PATHS = NO;
				CLANG_CXX_LANGUAGE_STANDARD = "gnu++0x";
				CLANG_CXX_LIBRARY = "libc++";
				CLANG_ENABLE_MODULES = YES;
				CLANG_ENABLE_OBJC_ARC = YES;
				CLANG_WARN_BOOL_CONVERSION = YES;
				CLANG_WARN_CONSTANT_CONVERSION = YES;
				CLANG_WARN_DIRECT_OBJC_ISA_USAGE = YES_ERROR;
				CLANG_WARN_EMPTY_BODY = YES;
				CLANG_WARN_ENUM_CONVERSION = YES;
				CLANG_WARN_INT_CONVERSION = YES;
				CLANG_WARN_OBJC_ROOT_CLASS = YES_ERROR;
				CLANG_WARN_UNREACHABLE_CODE = YES;
				CLANG_WARN__DUPLICATE_METHOD_MATCH = YES;
				"CODE_SIGN_IDENTITY[sdk=iphoneos*]" = "iPhone Developer";
				COPY_PHASE_STRIP = NO;
				DEBUG_INFORMATION_FORMAT = "dwarf-with-dsym";
				ENABLE_NS_ASSERTIONS = NO;
				ENABLE_STRICT_OBJC_MSGSEND = YES;
				GCC_C_LANGUAGE_STANDARD = gnu99;
				GCC_NO_COMMON_BLOCKS = YES;
				GCC_WARN_64_TO_32_BIT_CONVERSION = YES;
				GCC_WARN_ABOUT_RETURN_TYPE = YES_ERROR;
				GCC_WARN_UNDECLARED_SELECTOR = YES;
				GCC_WARN_UNINITIALIZED_AUTOS = YES_AGGRESSIVE;
				GCC_WARN_UNUSED_FUNCTION = YES;
				GCC_WARN_UNUSED_VARIABLE = YES;
				IPHONEOS_DEPLOYMENT_TARGET = 9.2;
				MTL_ENABLE_DEBUG_INFO = NO;
				SDKROOT = iphoneos;
				VALIDATE_PRODUCT = YES;
			};
			name = Release;
		};
		29B7B6FC1CC6DF07002952B1 /* Debug */ = {
			isa = XCBuildConfiguration;
			buildSettings = {
				ASSETCATALOG_COMPILER_APPICON_NAME = AppIcon;
				CODE_SIGN_IDENTITY = "iPhone Developer";
				INFOPLIST_FILE = dodge1/Info.plist;
				LD_RUNPATH_SEARCH_PATHS = "$(inherited) @executable_path/Frameworks";
				PRODUCT_BUNDLE_IDENTIFIER = com.jCubed.dodge1;
				PRODUCT_NAME = "$(TARGET_NAME)";
			};
			name = Debug;
		};
		29B7B6FD1CC6DF07002952B1 /* Release */ = {
			isa = XCBuildConfiguration;
			buildSettings = {
				ASSETCATALOG_COMPILER_APPICON_NAME = AppIcon;
				CODE_SIGN_IDENTITY = "iPhone Developer";
				INFOPLIST_FILE = dodge1/Info.plist;
				LD_RUNPATH_SEARCH_PATHS = "$(inherited) @executable_path/Frameworks";
				PRODUCT_BUNDLE_IDENTIFIER = com.jCubed.dodge1;
				PRODUCT_NAME = "$(TARGET_NAME)";
			};
			name = Release;
		};
/* End XCBuildConfiguration section */

/* Begin XCConfigurationList section */
		29B7B6E01CC6DF05002952B1 /* Build configuration list for PBXProject "dodge1" */ = {
			isa = XCConfigurationList;
			buildConfigurations = (
				29B7B6F91CC6DF07002952B1 /* Debug */,
				29B7B6FA1CC6DF07002952B1 /* Release */,
			);
			defaultConfigurationIsVisible = 0;
			defaultConfigurationName = Release;
		};
		29B7B6FB1CC6DF07002952B1 /* Build configuration list for PBXNativeTarget "dodge1" */ = {
			isa = XCConfigurationList;
			buildConfigurations = (
				29B7B6FC1CC6DF07002952B1 /* Debug */,
				29B7B6FD1CC6DF07002952B1 /* Release */,
			);
			defaultConfigurationIsVisible = 0;
			defaultConfigurationName = Release;
		};
/* End XCConfigurationList section */
	};
	rootObject = 29B7B6DD1CC6DF05002952B1 /* Project object */;
}
